# This file is autogenerated, do not edit; changes may be undone by the next 'dep ensure'.


[[projects]]
  digest = "1:ffe9824d294da03b391f44e1ae8281281b4afc1bdaa9588c9097785e3af10cec"
  name = "github.com/davecgh/go-spew"
  packages = ["spew"]
  pruneopts = "UT"
  revision = "8991bc29aa16c548c550c7ff78260e27b9ab7c73"
  version = "v1.1.1"

[[projects]]
  digest = "1:f2e48504ac446aae46160fbcab65053eb4edaba0890cca991b73c68b171e216c"
  name = "github.com/pion/dtls"
  packages = [
    ".",
    "internal/crypto/ccm",
    "internal/udp",
  ]
  pruneopts = "UT"
  revision = "91d652d3f91d6c08c193e4d297067f8f653775f9"
  version = "v1.5.1"

[[projects]]
  digest = "1:92d9305a35d7130172f46e095505cc56af49d073907ae52088c15e8c8ae3f519"
  name = "github.com/pion/logging"
  packages = ["."]
  pruneopts = "UT"
  revision = "0387f8acdeb20faf48e539e74906dd633851f3a8"
  version = "v0.2.2"

[[projects]]
  digest = "1:0028cb19b2e4c3112225cd871870f2d9cf49b9b4276531f03438a88e94be86fe"
  name = "github.com/pmezard/go-difflib"
  packages = ["difflib"]
  pruneopts = "UT"
  revision = "792786c7400a136282c1664665ae0a8db921c6c2"
  version = "v1.0.0"

[[projects]]
  digest = "1:99d32780e5238c2621fff621123997c3e3cca96db8be13179013aea77dfab551"
  name = "github.com/stretchr/testify"
  packages = [
    "assert",
    "require",
  ]
  pruneopts = "UT"
  revision = "221dbe5ed46703ee255b1da0dec05086f5035f62"
  version = "v1.4.0"

[[projects]]
  digest = "1:5a1cf4e370bc86137b58da2ae065e76526d32b11f62a7665f36dbd5f41fa95ff"
  name = "github.com/ugorji/go"
  packages = ["codec"]
  pruneopts = "UT"
  revision = "23ab95ef5dc3b70286760af84ce2327a2b64ed62"
  version = "v1.1.7"

[[projects]]
  branch = "master"
  digest = "1:c79dab329e903f5f7793c3f541645f5e4fdaeb222ccd804b0913ea796d0f0213"
  name = "golang.org/x/crypto"
  packages = ["curve25519"]
  pruneopts = "UT"
  revision = "227b76d455e791cb042b03e633e2f7fbcfdf74a5"

[[projects]]
  branch = "master"
  digest = "1:b0e1ce911b2601a33669968975069f6b93846a013e2171ba8f8b772f93dd232a"
  name = "golang.org/x/net"
  packages = [
    "bpf",
    "internal/iana",
    "internal/socket",
    "ipv4",
    "ipv6",
  ]
  pruneopts = "UT"
  revision = "a8b05e9114ab0cb08faec337c959aed24b68bf50"

[[projects]]
  branch = "master"
  digest = "1:a5b091dde0eb21c5b964dd2495ef63d739874b8bc646ebaa590f6ab4f5b76dc3"
  name = "golang.org/x/sys"
  packages = [
    "unix",
    "windows",
  ]
  pruneopts = "UT"
  revision = "0c1ff786ef13daa914a3351c5e6b0321aed5960e"

[[projects]]
  digest = "1:4d2e5a73dc1500038e504a8d78b986630e3626dc027bc030ba5c75da257cdb96"
  name = "gopkg.in/yaml.v2"
  packages = ["."]
  pruneopts = "UT"
  revision = "51d6538a90f86fe93ac480b35f37b2be17fef232"
  version = "v2.2.2"

[solve-meta]
  analyzer-name = "dep"
  analyzer-version = 1
  input-imports = [
    "github.com/pion/dtls",
    "github.com/stretchr/testify/assert",
    "github.com/stretchr/testify/require",
    "github.com/ugorji/go/codec",
    "golang.org/x/net/ipv4",
    "golang.org/x/net/ipv6",
  ]
  solver-name = "gps-cdcl"
  solver-version = 1
