# This file is autogenerated, do not edit; changes may be undone by the next 'dep ensure'.


[[projects]]
  digest = "1:ffe9824d294da03b391f44e1ae8281281b4afc1bdaa9588c9097785e3af10cec"
  name = "github.com/davecgh/go-spew"
  packages = ["spew"]
  pruneopts = "UT"
  revision = "8991bc29aa16c548c550c7ff78260e27b9ab7c73"
  version = "v1.1.1"

[[projects]]
  digest = "1:00ba9fb5c14095829a3c738c8998b2e3d6019002291e41443ecb775f191e8ba2"
  name = "github.com/pion/dtls"
  packages = [
    ".",
    "internal/crypto/ccm",
    "internal/udp",
  ]
  pruneopts = "UT"
  revision = "bcc3927a53a8f925a2d30ee83cb319270a7bd667"
  version = "v1.4.0"

[[projects]]
  digest = "1:92d9305a35d7130172f46e095505cc56af49d073907ae52088c15e8c8ae3f519"
  name = "github.com/pion/logging"
  packages = ["."]
  pruneopts = "UT"
  revision = "0387f8acdeb20faf48e539e74906dd633851f3a8"
  version = "v0.2.2"

[[projects]]
  digest = "1:0028cb19b2e4c3112225cd871870f2d9cf49b9b4276531f03438a88e94be86fe"
  name = "github.com/pmezard/go-difflib"
  packages = ["difflib"]
  pruneopts = "UT"
  revision = "792786c7400a136282c1664665ae0a8db921c6c2"
  version = "v1.0.0"

[[projects]]
  digest = "1:5da8ce674952566deae4dbc23d07c85caafc6cfa815b0b3e03e41979cedb8750"
  name = "github.com/stretchr/testify"
  packages = [
    "assert",
    "require",
  ]
  pruneopts = "UT"
  revision = "ffdc059bfe9ce6a4e144ba849dbedead332c6053"
  version = "v1.3.0"

[[projects]]
  digest = "1:5a1cf4e370bc86137b58da2ae065e76526d32b11f62a7665f36dbd5f41fa95ff"
  name = "github.com/ugorji/go"
  packages = ["codec"]
  pruneopts = "UT"
  revision = "23ab95ef5dc3b70286760af84ce2327a2b64ed62"
  version = "v1.1.7"

[[projects]]
  branch = "master"
  digest = "1:c79dab329e903f5f7793c3f541645f5e4fdaeb222ccd804b0913ea796d0f0213"
  name = "golang.org/x/crypto"
  packages = ["curve25519"]
  pruneopts = "UT"
  revision = "4def268fd1a49955bfb3dda92fe3db4f924f2285"

[[projects]]
  branch = "master"
  digest = "1:9896e6185a5f9a8c93b4c641c96bfab46677abf2be0a332a2affde2f575c0aad"
  name = "golang.org/x/net"
  packages = [
    "bpf",
    "internal/iana",
    "internal/socket",
    "ipv4",
    "ipv6",
  ]
  pruneopts = "UT"
  revision = "da137c7871d730100384dbcf36e6f8fa493aef5b"

[[projects]]
  branch = "master"
  digest = "1:31d44814b45607afa77c6e8ef20ea8bacc1d1053fe084440c874f311732e7ec3"
  name = "golang.org/x/sys"
  packages = [
    "unix",
    "windows",
  ]
  pruneopts = "UT"
  revision = "fae7ac547cb717d141c433a2a173315e216b64c4"

[solve-meta]
  analyzer-name = "dep"
  analyzer-version = 1
  input-imports = [
    "github.com/pion/dtls",
    "github.com/stretchr/testify/assert",
    "github.com/stretchr/testify/require",
    "github.com/ugorji/go/codec",
    "golang.org/x/net/ipv4",
    "golang.org/x/net/ipv6",
  ]
  solver-name = "gps-cdcl"
  solver-version = 1
